// !$*UTF8*$!
{
	archiveVersion = 1;
	classes = {
	};
	objectVersion = 51;
	objects = {

/* Begin PBXBuildFile section */
		09F4501002C3DCF14A0CD2CB /* Pods_iOSMonitor.framework in Frameworks */ = {isa = PBXBuildFile; fileRef = 9D9AF9BAA1DFF59FD418E11E /* Pods_iOSMonitor.framework */; };
		0B816899558F1E3FC119CF21 /* Pods_iOSMonitorTests.framework in Frameworks */ = {isa = PBXBuildFile; fileRef = D4600487FE893B36E435AC17 /* Pods_iOSMonitorTests.framework */; };
		31B99B0CA384370B5E7AB861 /* Pods_iOSMonitor_iOSMonitorUITests.framework in Frameworks */ = {isa = PBXBuildFile; fileRef = 5B422603FB431A75621406CA /* Pods_iOSMonitor_iOSMonitorUITests.framework */; };
		631954E224D0D97900660D92 /* AppDelegate.swift in Sources */ = {isa = PBXBuildFile; fileRef = 631954E124D0D97900660D92 /* AppDelegate.swift */; };
		631954E424D0D97900660D92 /* SceneDelegate.swift in Sources */ = {isa = PBXBuildFile; fileRef = 631954E324D0D97900660D92 /* SceneDelegate.swift */; };
		631954E624D0D97900660D92 /* MainVC.swift in Sources */ = {isa = PBXBuildFile; fileRef = 631954E524D0D97900660D92 /* MainVC.swift */; };
		631954E924D0D97900660D92 /* Main.storyboard in Resources */ = {isa = PBXBuildFile; fileRef = 631954E724D0D97900660D92 /* Main.storyboard */; };
		631954EB24D0D97A00660D92 /* Assets.xcassets in Resources */ = {isa = PBXBuildFile; fileRef = 631954EA24D0D97A00660D92 /* Assets.xcassets */; };
		631954EE24D0D97A00660D92 /* LaunchScreen.storyboard in Resources */ = {isa = PBXBuildFile; fileRef = 631954EC24D0D97A00660D92 /* LaunchScreen.storyboard */; };
		631954F924D0D97A00660D92 /* iOSMonitorTests.swift in Sources */ = {isa = PBXBuildFile; fileRef = 631954F824D0D97A00660D92 /* iOSMonitorTests.swift */; };
		6319550424D0D97A00660D92 /* iOSMonitorUITests.swift in Sources */ = {isa = PBXBuildFile; fileRef = 6319550324D0D97A00660D92 /* iOSMonitorUITests.swift */; };
		6319551224D0E4F400660D92 /* CPUMonitor.swift in Sources */ = {isa = PBXBuildFile; fileRef = 6319551124D0E4F400660D92 /* CPUMonitor.swift */; };
		6392AF5B24D1A705000D71D1 /* MemoryMonitor.swift in Sources */ = {isa = PBXBuildFile; fileRef = 6392AF5A24D1A705000D71D1 /* MemoryMonitor.swift */; };
		6392AF5F24D1BABA000D71D1 /* NetworkUsage.swift in Sources */ = {isa = PBXBuildFile; fileRef = 6392AF5E24D1BABA000D71D1 /* NetworkUsage.swift */; };
		6392AF6524D1DF84000D71D1 /* StorageInfo.swift in Sources */ = {isa = PBXBuildFile; fileRef = 6392AF6424D1DF84000D71D1 /* StorageInfo.swift */; };
/* End PBXBuildFile section */

/* Begin PBXContainerItemProxy section */
		631954F524D0D97A00660D92 /* PBXContainerItemProxy */ = {
			isa = PBXContainerItemProxy;
			containerPortal = 631954D624D0D97900660D92 /* Project object */;
			proxyType = 1;
			remoteGlobalIDString = 631954DD24D0D97900660D92;
			remoteInfo = iOSMonitor;
		};
		6319550024D0D97A00660D92 /* PBXContainerItemProxy */ = {
			isa = PBXContainerItemProxy;
			containerPortal = 631954D624D0D97900660D92 /* Project object */;
			proxyType = 1;
			remoteGlobalIDString = 631954DD24D0D97900660D92;
			remoteInfo = iOSMonitor;
		};
/* End PBXContainerItemProxy section */

/* Begin PBXFileReference section */
		11836D43FB4AA11028B4D69B /* Pods-iOSMonitorTests.debug.xcconfig */ = {isa = PBXFileReference; includeInIndex = 1; lastKnownFileType = text.xcconfig; name = "Pods-iOSMonitorTests.debug.xcconfig"; path = "Target Support Files/Pods-iOSMonitorTests/Pods-iOSMonitorTests.debug.xcconfig"; sourceTree = "<group>"; };
		176A3E692D87B8A8D2E66C1D /* Pods-iOSMonitor.release.xcconfig */ = {isa = PBXFileReference; includeInIndex = 1; lastKnownFileType = text.xcconfig; name = "Pods-iOSMonitor.release.xcconfig"; path = "Target Support Files/Pods-iOSMonitor/Pods-iOSMonitor.release.xcconfig"; sourceTree = "<group>"; };
		2EA18BB5932D0BA8FE922A82 /* Pods-iOSMonitorTests.release.xcconfig */ = {isa = PBXFileReference; includeInIndex = 1; lastKnownFileType = text.xcconfig; name = "Pods-iOSMonitorTests.release.xcconfig"; path = "Target Support Files/Pods-iOSMonitorTests/Pods-iOSMonitorTests.release.xcconfig"; sourceTree = "<group>"; };
		415ABA234ACD845EFD4B5A9B /* Pods-iOSMonitor.debug.xcconfig */ = {isa = PBXFileReference; includeInIndex = 1; lastKnownFileType = text.xcconfig; name = "Pods-iOSMonitor.debug.xcconfig"; path = "Target Support Files/Pods-iOSMonitor/Pods-iOSMonitor.debug.xcconfig"; sourceTree = "<group>"; };
		5B422603FB431A75621406CA /* Pods_iOSMonitor_iOSMonitorUITests.framework */ = {isa = PBXFileReference; explicitFileType = wrapper.framework; includeInIndex = 0; path = Pods_iOSMonitor_iOSMonitorUITests.framework; sourceTree = BUILT_PRODUCTS_DIR; };
		631954DE24D0D97900660D92 /* iOSMonitor.app */ = {isa = PBXFileReference; explicitFileType = wrapper.application; includeInIndex = 0; path = iOSMonitor.app; sourceTree = BUILT_PRODUCTS_DIR; };
		631954E124D0D97900660D92 /* AppDelegate.swift */ = {isa = PBXFileReference; lastKnownFileType = sourcecode.swift; path = AppDelegate.swift; sourceTree = "<group>"; };
		631954E324D0D97900660D92 /* SceneDelegate.swift */ = {isa = PBXFileReference; lastKnownFileType = sourcecode.swift; path = SceneDelegate.swift; sourceTree = "<group>"; };
		631954E524D0D97900660D92 /* MainVC.swift */ = {isa = PBXFileReference; lastKnownFileType = sourcecode.swift; path = MainVC.swift; sourceTree = "<group>"; };
		631954E824D0D97900660D92 /* Base */ = {isa = PBXFileReference; lastKnownFileType = file.storyboard; name = Base; path = Base.lproj/Main.storyboard; sourceTree = "<group>"; };
		631954EA24D0D97A00660D92 /* Assets.xcassets */ = {isa = PBXFileReference; lastKnownFileType = folder.assetcatalog; path = Assets.xcassets; sourceTree = "<group>"; };
		631954ED24D0D97A00660D92 /* Base */ = {isa = PBXFileReference; lastKnownFileType = file.storyboard; name = Base; path = Base.lproj/LaunchScreen.storyboard; sourceTree = "<group>"; };
		631954EF24D0D97A00660D92 /* Info.plist */ = {isa = PBXFileReference; lastKnownFileType = text.plist.xml; path = Info.plist; sourceTree = "<group>"; };
		631954F424D0D97A00660D92 /* iOSMonitorTests.xctest */ = {isa = PBXFileReference; explicitFileType = wrapper.cfbundle; includeInIndex = 0; path = iOSMonitorTests.xctest; sourceTree = BUILT_PRODUCTS_DIR; };
		631954F824D0D97A00660D92 /* iOSMonitorTests.swift */ = {isa = PBXFileReference; lastKnownFileType = sourcecode.swift; path = iOSMonitorTests.swift; sourceTree = "<group>"; };
		631954FA24D0D97A00660D92 /* Info.plist */ = {isa = PBXFileReference; lastKnownFileType = text.plist.xml; path = Info.plist; sourceTree = "<group>"; };
		631954FF24D0D97A00660D92 /* iOSMonitorUITests.xctest */ = {isa = PBXFileReference; explicitFileType = wrapper.cfbundle; includeInIndex = 0; path = iOSMonitorUITests.xctest; sourceTree = BUILT_PRODUCTS_DIR; };
		6319550324D0D97A00660D92 /* iOSMonitorUITests.swift */ = {isa = PBXFileReference; lastKnownFileType = sourcecode.swift; path = iOSMonitorUITests.swift; sourceTree = "<group>"; };
		6319550524D0D97A00660D92 /* Info.plist */ = {isa = PBXFileReference; lastKnownFileType = text.plist.xml; path = Info.plist; sourceTree = "<group>"; };
		6319551124D0E4F400660D92 /* CPUMonitor.swift */ = {isa = PBXFileReference; lastKnownFileType = sourcecode.swift; path = CPUMonitor.swift; sourceTree = "<group>"; };
		6392AF5A24D1A705000D71D1 /* MemoryMonitor.swift */ = {isa = PBXFileReference; lastKnownFileType = sourcecode.swift; path = MemoryMonitor.swift; sourceTree = "<group>"; };
		6392AF5E24D1BABA000D71D1 /* NetworkUsage.swift */ = {isa = PBXFileReference; lastKnownFileType = sourcecode.swift; path = NetworkUsage.swift; sourceTree = "<group>"; };
		6392AF6424D1DF84000D71D1 /* StorageInfo.swift */ = {isa = PBXFileReference; lastKnownFileType = sourcecode.swift; path = StorageInfo.swift; sourceTree = "<group>"; };
		9D9AF9BAA1DFF59FD418E11E /* Pods_iOSMonitor.framework */ = {isa = PBXFileReference; explicitFileType = wrapper.framework; includeInIndex = 0; path = Pods_iOSMonitor.framework; sourceTree = BUILT_PRODUCTS_DIR; };
		C603BA3752CEEBD450434807 /* Pods-iOSMonitor-iOSMonitorUITests.debug.xcconfig */ = {isa = PBXFileReference; includeInIndex = 1; lastKnownFileType = text.xcconfig; name = "Pods-iOSMonitor-iOSMonitorUITests.debug.xcconfig"; path = "Target Support Files/Pods-iOSMonitor-iOSMonitorUITests/Pods-iOSMonitor-iOSMonitorUITests.debug.xcconfig"; sourceTree = "<group>"; };
		D4600487FE893B36E435AC17 /* Pods_iOSMonitorTests.framework */ = {isa = PBXFileReference; explicitFileType = wrapper.framework; includeInIndex = 0; path = Pods_iOSMonitorTests.framework; sourceTree = BUILT_PRODUCTS_DIR; };
		FFA5E879348A9F069A7B9359 /* Pods-iOSMonitor-iOSMonitorUITests.release.xcconfig */ = {isa = PBXFileReference; includeInIndex = 1; lastKnownFileType = text.xcconfig; name = "Pods-iOSMonitor-iOSMonitorUITests.release.xcconfig"; path = "Target Support Files/Pods-iOSMonitor-iOSMonitorUITests/Pods-iOSMonitor-iOSMonitorUITests.release.xcconfig"; sourceTree = "<group>"; };
/* End PBXFileReference section */

/* Begin PBXFrameworksBuildPhase section */
		631954DB24D0D97900660D92 /* Frameworks */ = {
			isa = PBXFrameworksBuildPhase;
			buildActionMask = 2147483647;
			files = (
				09F4501002C3DCF14A0CD2CB /* Pods_iOSMonitor.framework in Frameworks */,
			);
			runOnlyForDeploymentPostprocessing = 0;
		};
		631954F124D0D97A00660D92 /* Frameworks */ = {
			isa = PBXFrameworksBuildPhase;
			buildActionMask = 2147483647;
			files = (
				0B816899558F1E3FC119CF21 /* Pods_iOSMonitorTests.framework in Frameworks */,
			);
			runOnlyForDeploymentPostprocessing = 0;
		};
		631954FC24D0D97A00660D92 /* Frameworks */ = {
			isa = PBXFrameworksBuildPhase;
			buildActionMask = 2147483647;
			files = (
				31B99B0CA384370B5E7AB861 /* Pods_iOSMonitor_iOSMonitorUITests.framework in Frameworks */,
			);
			runOnlyForDeploymentPostprocessing = 0;
		};
/* End PBXFrameworksBuildPhase section */

/* Begin PBXGroup section */
		631954D524D0D97900660D92 = {
			isa = PBXGroup;
			children = (
				631954E024D0D97900660D92 /* iOSMonitor */,
				631954F724D0D97A00660D92 /* iOSMonitorTests */,
				6319550224D0D97A00660D92 /* iOSMonitorUITests */,
				631954DF24D0D97900660D92 /* Products */,
				A50925021F891203D2196550 /* Pods */,
				A203DEB8F54F216EB9AD49CF /* Frameworks */,
			);
			sourceTree = "<group>";
		};
		631954DF24D0D97900660D92 /* Products */ = {
			isa = PBXGroup;
			children = (
				631954DE24D0D97900660D92 /* iOSMonitor.app */,
				631954F424D0D97A00660D92 /* iOSMonitorTests.xctest */,
				631954FF24D0D97A00660D92 /* iOSMonitorUITests.xctest */,
			);
			name = Products;
			sourceTree = "<group>";
		};
		631954E024D0D97900660D92 /* iOSMonitor */ = {
			isa = PBXGroup;
			children = (
				631954E124D0D97900660D92 /* AppDelegate.swift */,
				631954E324D0D97900660D92 /* SceneDelegate.swift */,
				631954E524D0D97900660D92 /* MainVC.swift */,
				631954E724D0D97900660D92 /* Main.storyboard */,
				631954EA24D0D97A00660D92 /* Assets.xcassets */,
				631954EC24D0D97A00660D92 /* LaunchScreen.storyboard */,
				631954EF24D0D97A00660D92 /* Info.plist */,
				6319551124D0E4F400660D92 /* CPUMonitor.swift */,
				6392AF5A24D1A705000D71D1 /* MemoryMonitor.swift */,
				6392AF5E24D1BABA000D71D1 /* NetworkUsage.swift */,
				6392AF6424D1DF84000D71D1 /* StorageInfo.swift */,
			);
			path = iOSMonitor;
			sourceTree = "<group>";
		};
		631954F724D0D97A00660D92 /* iOSMonitorTests */ = {
			isa = PBXGroup;
			children = (
				631954F824D0D97A00660D92 /* iOSMonitorTests.swift */,
				631954FA24D0D97A00660D92 /* Info.plist */,
			);
			path = iOSMonitorTests;
			sourceTree = "<group>";
		};
		6319550224D0D97A00660D92 /* iOSMonitorUITests */ = {
			isa = PBXGroup;
			children = (
				6319550324D0D97A00660D92 /* iOSMonitorUITests.swift */,
				6319550524D0D97A00660D92 /* Info.plist */,
			);
			path = iOSMonitorUITests;
			sourceTree = "<group>";
		};
		A203DEB8F54F216EB9AD49CF /* Frameworks */ = {
			isa = PBXGroup;
			children = (
				9D9AF9BAA1DFF59FD418E11E /* Pods_iOSMonitor.framework */,
				5B422603FB431A75621406CA /* Pods_iOSMonitor_iOSMonitorUITests.framework */,
				D4600487FE893B36E435AC17 /* Pods_iOSMonitorTests.framework */,
			);
			name = Frameworks;
			sourceTree = "<group>";
		};
		A50925021F891203D2196550 /* Pods */ = {
			isa = PBXGroup;
			children = (
				415ABA234ACD845EFD4B5A9B /* Pods-iOSMonitor.debug.xcconfig */,
				176A3E692D87B8A8D2E66C1D /* Pods-iOSMonitor.release.xcconfig */,
				C603BA3752CEEBD450434807 /* Pods-iOSMonitor-iOSMonitorUITests.debug.xcconfig */,
				FFA5E879348A9F069A7B9359 /* Pods-iOSMonitor-iOSMonitorUITests.release.xcconfig */,
				11836D43FB4AA11028B4D69B /* Pods-iOSMonitorTests.debug.xcconfig */,
				2EA18BB5932D0BA8FE922A82 /* Pods-iOSMonitorTests.release.xcconfig */,
			);
			path = Pods;
			sourceTree = "<group>";
		};
/* End PBXGroup section */

/* Begin PBXNativeTarget section */
		631954DD24D0D97900660D92 /* iOSMonitor */ = {
			isa = PBXNativeTarget;
			buildConfigurationList = 6319550824D0D97A00660D92 /* Build configuration list for PBXNativeTarget "iOSMonitor" */;
			buildPhases = (
				88D20BA4C17A70113460C522 /* [CP] Check Pods Manifest.lock */,
				631954DA24D0D97900660D92 /* Sources */,
				631954DB24D0D97900660D92 /* Frameworks */,
				631954DC24D0D97900660D92 /* Resources */,
				36E5A95EAC891E2F2A98310B /* [CP] Embed Pods Frameworks */,
			);
			buildRules = (
			);
			dependencies = (
			);
			name = iOSMonitor;
			productName = iOSMonitor;
			productReference = 631954DE24D0D97900660D92 /* iOSMonitor.app */;
			productType = "com.apple.product-type.application";
		};
		631954F324D0D97A00660D92 /* iOSMonitorTests */ = {
			isa = PBXNativeTarget;
			buildConfigurationList = 6319550B24D0D97A00660D92 /* Build configuration list for PBXNativeTarget "iOSMonitorTests" */;
			buildPhases = (
				EA0CB871F030CF7493FB12FF /* [CP] Check Pods Manifest.lock */,
				631954F024D0D97A00660D92 /* Sources */,
				631954F124D0D97A00660D92 /* Frameworks */,
				631954F224D0D97A00660D92 /* Resources */,
			);
			buildRules = (
			);
			dependencies = (
				631954F624D0D97A00660D92 /* PBXTargetDependency */,
			);
			name = iOSMonitorTests;
			productName = iOSMonitorTests;
			productReference = 631954F424D0D97A00660D92 /* iOSMonitorTests.xctest */;
			productType = "com.apple.product-type.bundle.unit-test";
		};
		631954FE24D0D97A00660D92 /* iOSMonitorUITests */ = {
			isa = PBXNativeTarget;
			buildConfigurationList = 6319550E24D0D97A00660D92 /* Build configuration list for PBXNativeTarget "iOSMonitorUITests" */;
			buildPhases = (
				7B160B16177A991CEBAD3E0A /* [CP] Check Pods Manifest.lock */,
				631954FB24D0D97A00660D92 /* Sources */,
				631954FC24D0D97A00660D92 /* Frameworks */,
				631954FD24D0D97A00660D92 /* Resources */,
				313C161CB9AD4F588BBA0BD1 /* [CP] Embed Pods Frameworks */,
			);
			buildRules = (
			);
			dependencies = (
				6319550124D0D97A00660D92 /* PBXTargetDependency */,
			);
			name = iOSMonitorUITests;
			productName = iOSMonitorUITests;
			productReference = 631954FF24D0D97A00660D92 /* iOSMonitorUITests.xctest */;
			productType = "com.apple.product-type.bundle.ui-testing";
		};
/* End PBXNativeTarget section */

/* Begin PBXProject section */
		631954D624D0D97900660D92 /* Project object */ = {
			isa = PBXProject;
			attributes = {
				LastSwiftUpdateCheck = 1140;
				LastUpgradeCheck = 1140;
				ORGANIZATIONNAME = "Lucas Steuernagel";
				TargetAttributes = {
					631954DD24D0D97900660D92 = {
						CreatedOnToolsVersion = 11.4.1;
					};
					631954F324D0D97A00660D92 = {
						CreatedOnToolsVersion = 11.4.1;
						TestTargetID = 631954DD24D0D97900660D92;
					};
					631954FE24D0D97A00660D92 = {
						CreatedOnToolsVersion = 11.4.1;
						TestTargetID = 631954DD24D0D97900660D92;
					};
				};
			};
			buildConfigurationList = 631954D924D0D97900660D92 /* Build configuration list for PBXProject "iOSMonitor" */;
			compatibilityVersion = "Xcode 9.3";
			developmentRegion = en;
			hasScannedForEncodings = 0;
			knownRegions = (
				en,
				Base,
			);
			mainGroup = 631954D524D0D97900660D92;
			productRefGroup = 631954DF24D0D97900660D92 /* Products */;
			projectDirPath = "";
			projectRoot = "";
			targets = (
				631954DD24D0D97900660D92 /* iOSMonitor */,
				631954F324D0D97A00660D92 /* iOSMonitorTests */,
				631954FE24D0D97A00660D92 /* iOSMonitorUITests */,
			);
		};
/* End PBXProject section */

/* Begin PBXResourcesBuildPhase section */
		631954DC24D0D97900660D92 /* Resources */ = {
			isa = PBXResourcesBuildPhase;
			buildActionMask = 2147483647;
			files = (
				631954EE24D0D97A00660D92 /* LaunchScreen.storyboard in Resources */,
				631954EB24D0D97A00660D92 /* Assets.xcassets in Resources */,
				631954E924D0D97900660D92 /* Main.storyboard in Resources */,
			);
			runOnlyForDeploymentPostprocessing = 0;
		};
		631954F224D0D97A00660D92 /* Resources */ = {
			isa = PBXResourcesBuildPhase;
			buildActionMask = 2147483647;
			files = (
			);
			runOnlyForDeploymentPostprocessing = 0;
		};
		631954FD24D0D97A00660D92 /* Resources */ = {
			isa = PBXResourcesBuildPhase;
			buildActionMask = 2147483647;
			files = (
			);
			runOnlyForDeploymentPostprocessing = 0;
		};
/* End PBXResourcesBuildPhase section */

/* Begin PBXShellScriptBuildPhase section */
		313C161CB9AD4F588BBA0BD1 /* [CP] Embed Pods Frameworks */ = {
			isa = PBXShellScriptBuildPhase;
			buildActionMask = 2147483647;
			files = (
			);
			inputFileListPaths = (
				"${PODS_ROOT}/Target Support Files/Pods-iOSMonitor-iOSMonitorUITests/Pods-iOSMonitor-iOSMonitorUITests-frameworks-${CONFIGURATION}-input-files.xcfilelist",
			);
			name = "[CP] Embed Pods Frameworks";
			outputFileListPaths = (
				"${PODS_ROOT}/Target Support Files/Pods-iOSMonitor-iOSMonitorUITests/Pods-iOSMonitor-iOSMonitorUITests-frameworks-${CONFIGURATION}-output-files.xcfilelist",
			);
			runOnlyForDeploymentPostprocessing = 0;
			shellPath = /bin/sh;
			shellScript = "\"${PODS_ROOT}/Target Support Files/Pods-iOSMonitor-iOSMonitorUITests/Pods-iOSMonitor-iOSMonitorUITests-frameworks.sh\"\n";
			showEnvVarsInLog = 0;
		};
		36E5A95EAC891E2F2A98310B /* [CP] Embed Pods Frameworks */ = {
			isa = PBXShellScriptBuildPhase;
			buildActionMask = 2147483647;
			files = (
			);
			inputFileListPaths = (
				"${PODS_ROOT}/Target Support Files/Pods-iOSMonitor/Pods-iOSMonitor-frameworks-${CONFIGURATION}-input-files.xcfilelist",
			);
			name = "[CP] Embed Pods Frameworks";
			outputFileListPaths = (
				"${PODS_ROOT}/Target Support Files/Pods-iOSMonitor/Pods-iOSMonitor-frameworks-${CONFIGURATION}-output-files.xcfilelist",
			);
			runOnlyForDeploymentPostprocessing = 0;
			shellPath = /bin/sh;
			shellScript = "\"${PODS_ROOT}/Target Support Files/Pods-iOSMonitor/Pods-iOSMonitor-frameworks.sh\"\n";
			showEnvVarsInLog = 0;
		};
		7B160B16177A991CEBAD3E0A /* [CP] Check Pods Manifest.lock */ = {
			isa = PBXShellScriptBuildPhase;
			buildActionMask = 2147483647;
			files = (
			);
			inputFileListPaths = (
			);
			inputPaths = (
				"${PODS_PODFILE_DIR_PATH}/Podfile.lock",
				"${PODS_ROOT}/Manifest.lock",
			);
			name = "[CP] Check Pods Manifest.lock";
			outputFileListPaths = (
			);
			outputPaths = (
				"$(DERIVED_FILE_DIR)/Pods-iOSMonitor-iOSMonitorUITests-checkManifestLockResult.txt",
			);
			runOnlyForDeploymentPostprocessing = 0;
			shellPath = /bin/sh;
			shellScript = "diff \"${PODS_PODFILE_DIR_PATH}/Podfile.lock\" \"${PODS_ROOT}/Manifest.lock\" > /dev/null\nif [ $? != 0 ] ; then\n    # print error to STDERR\n    echo \"error: The sandbox is not in sync with the Podfile.lock. Run 'pod install' or update your CocoaPods installation.\" >&2\n    exit 1\nfi\n# This output is used by Xcode 'outputs' to avoid re-running this script phase.\necho \"SUCCESS\" > \"${SCRIPT_OUTPUT_FILE_0}\"\n";
			showEnvVarsInLog = 0;
		};
		88D20BA4C17A70113460C522 /* [CP] Check Pods Manifest.lock */ = {
			isa = PBXShellScriptBuildPhase;
			buildActionMask = 2147483647;
			files = (
			);
			inputFileListPaths = (
			);
			inputPaths = (
				"${PODS_PODFILE_DIR_PATH}/Podfile.lock",
				"${PODS_ROOT}/Manifest.lock",
			);
			name = "[CP] Check Pods Manifest.lock";
			outputFileListPaths = (
			);
			outputPaths = (
				"$(DERIVED_FILE_DIR)/Pods-iOSMonitor-checkManifestLockResult.txt",
			);
			runOnlyForDeploymentPostprocessing = 0;
			shellPath = /bin/sh;
			shellScript = "diff \"${PODS_PODFILE_DIR_PATH}/Podfile.lock\" \"${PODS_ROOT}/Manifest.lock\" > /dev/null\nif [ $? != 0 ] ; then\n    # print error to STDERR\n    echo \"error: The sandbox is not in sync with the Podfile.lock. Run 'pod install' or update your CocoaPods installation.\" >&2\n    exit 1\nfi\n# This output is used by Xcode 'outputs' to avoid re-running this script phase.\necho \"SUCCESS\" > \"${SCRIPT_OUTPUT_FILE_0}\"\n";
			showEnvVarsInLog = 0;
		};
		EA0CB871F030CF7493FB12FF /* [CP] Check Pods Manifest.lock */ = {
			isa = PBXShellScriptBuildPhase;
			buildActionMask = 2147483647;
			files = (
			);
			inputFileListPaths = (
			);
			inputPaths = (
				"${PODS_PODFILE_DIR_PATH}/Podfile.lock",
				"${PODS_ROOT}/Manifest.lock",
			);
			name = "[CP] Check Pods Manifest.lock";
			outputFileListPaths = (
			);
			outputPaths = (
				"$(DERIVED_FILE_DIR)/Pods-iOSMonitorTests-checkManifestLockResult.txt",
			);
			runOnlyForDeploymentPostprocessing = 0;
			shellPath = /bin/sh;
			shellScript = "diff \"${PODS_PODFILE_DIR_PATH}/Podfile.lock\" \"${PODS_ROOT}/Manifest.lock\" > /dev/null\nif [ $? != 0 ] ; then\n    # print error to STDERR\n    echo \"error: The sandbox is not in sync with the Podfile.lock. Run 'pod install' or update your CocoaPods installation.\" >&2\n    exit 1\nfi\n# This output is used by Xcode 'outputs' to avoid re-running this script phase.\necho \"SUCCESS\" > \"${SCRIPT_OUTPUT_FILE_0}\"\n";
			showEnvVarsInLog = 0;
		};
/* End PBXShellScriptBuildPhase section */

/* Begin PBXSourcesBuildPhase section */
		631954DA24D0D97900660D92 /* Sources */ = {
			isa = PBXSourcesBuildPhase;
			buildActionMask = 2147483647;
			files = (
				6392AF5F24D1BABA000D71D1 /* NetworkUsage.swift in Sources */,
				6392AF6524D1DF84000D71D1 /* StorageInfo.swift in Sources */,
				631954E624D0D97900660D92 /* MainVC.swift in Sources */,
				631954E224D0D97900660D92 /* AppDelegate.swift in Sources */,
				631954E424D0D97900660D92 /* SceneDelegate.swift in Sources */,
				6392AF5B24D1A705000D71D1 /* MemoryMonitor.swift in Sources */,
				6319551224D0E4F400660D92 /* CPUMonitor.swift in Sources */,
			);
			runOnlyForDeploymentPostprocessing = 0;
		};
		631954F024D0D97A00660D92 /* Sources */ = {
			isa = PBXSourcesBuildPhase;
			buildActionMask = 2147483647;
			files = (
				631954F924D0D97A00660D92 /* iOSMonitorTests.swift in Sources */,
			);
			runOnlyForDeploymentPostprocessing = 0;
		};
		631954FB24D0D97A00660D92 /* Sources */ = {
			isa = PBXSourcesBuildPhase;
			buildActionMask = 2147483647;
			files = (
				6319550424D0D97A00660D92 /* iOSMonitorUITests.swift in Sources */,
			);
			runOnlyForDeploymentPostprocessing = 0;
		};
/* End PBXSourcesBuildPhase section */

/* Begin PBXTargetDependency section */
		631954F624D0D97A00660D92 /* PBXTargetDependency */ = {
			isa = PBXTargetDependency;
			target = 631954DD24D0D97900660D92 /* iOSMonitor */;
			targetProxy = 631954F524D0D97A00660D92 /* PBXContainerItemProxy */;
		};
		6319550124D0D97A00660D92 /* PBXTargetDependency */ = {
			isa = PBXTargetDependency;
			target = 631954DD24D0D97900660D92 /* iOSMonitor */;
			targetProxy = 6319550024D0D97A00660D92 /* PBXContainerItemProxy */;
		};
/* End PBXTargetDependency section */

/* Begin PBXVariantGroup section */
		631954E724D0D97900660D92 /* Main.storyboard */ = {
			isa = PBXVariantGroup;
			children = (
				631954E824D0D97900660D92 /* Base */,
			);
			name = Main.storyboard;
			sourceTree = "<group>";
		};
		631954EC24D0D97A00660D92 /* LaunchScreen.storyboard */ = {
			isa = PBXVariantGroup;
			children = (
				631954ED24D0D97A00660D92 /* Base */,
			);
			name = LaunchScreen.storyboard;
			sourceTree = "<group>";
		};
/* End PBXVariantGroup section */

/* Begin XCBuildConfiguration section */
		6319550624D0D97A00660D92 /* Debug */ = {
			isa = XCBuildConfiguration;
			buildSettings = {
				ALWAYS_SEARCH_USER_PATHS = NO;
				CLANG_ANALYZER_NONNULL = YES;
				CLANG_ANALYZER_NUMBER_OBJECT_CONVERSION = YES_AGGRESSIVE;
				CLANG_CXX_LANGUAGE_STANDARD = "gnu++14";
				CLANG_CXX_LIBRARY = "libc++";
				CLANG_ENABLE_MODULES = YES;
				CLANG_ENABLE_OBJC_ARC = YES;
				CLANG_ENABLE_OBJC_WEAK = YES;
				CLANG_WARN_BLOCK_CAPTURE_AUTORELEASING = YES;
				CLANG_WARN_BOOL_CONVERSION = YES;
				CLANG_WARN_COMMA = YES;
				CLANG_WARN_CONSTANT_CONVERSION = YES;
				CLANG_WARN_DEPRECATED_OBJC_IMPLEMENTATIONS = YES;
				CLANG_WARN_DIRECT_OBJC_ISA_USAGE = YES_ERROR;
				CLANG_WARN_DOCUMENTATION_COMMENTS = YES;
				CLANG_WARN_EMPTY_BODY = YES;
				CLANG_WARN_ENUM_CONVERSION = YES;
				CLANG_WARN_INFINITE_RECURSION = YES;
				CLANG_WARN_INT_CONVERSION = YES;
				CLANG_WARN_NON_LITERAL_NULL_CONVERSION = YES;
				CLANG_WARN_OBJC_IMPLICIT_RETAIN_SELF = YES;
				CLANG_WARN_OBJC_LITERAL_CONVERSION = YES;
				CLANG_WARN_OBJC_ROOT_CLASS = YES_ERROR;
				CLANG_WARN_RANGE_LOOP_ANALYSIS = YES;
				CLANG_WARN_STRICT_PROTOTYPES = YES;
				CLANG_WARN_SUSPICIOUS_MOVE = YES;
				CLANG_WARN_UNGUARDED_AVAILABILITY = YES_AGGRESSIVE;
				CLANG_WARN_UNREACHABLE_CODE = YES;
				CLANG_WARN__DUPLICATE_METHOD_MATCH = YES;
				COPY_PHASE_STRIP = NO;
				DEBUG_INFORMATION_FORMAT = dwarf;
				ENABLE_STRICT_OBJC_MSGSEND = YES;
				ENABLE_TESTABILITY = YES;
				GCC_C_LANGUAGE_STANDARD = gnu11;
				GCC_DYNAMIC_NO_PIC = NO;
				GCC_NO_COMMON_BLOCKS = YES;
				GCC_OPTIMIZATION_LEVEL = 0;
				GCC_PREPROCESSOR_DEFINITIONS = (
					"DEBUG=1",
					"$(inherited)",
				);
				GCC_WARN_64_TO_32_BIT_CONVERSION = YES;
				GCC_WARN_ABOUT_RETURN_TYPE = YES_ERROR;
				GCC_WARN_UNDECLARED_SELECTOR = YES;
				GCC_WARN_UNINITIALIZED_AUTOS = YES_AGGRESSIVE;
				GCC_WARN_UNUSED_FUNCTION = YES;
				GCC_WARN_UNUSED_VARIABLE = YES;
				IPHONEOS_DEPLOYMENT_TARGET = 13.4;
				MTL_ENABLE_DEBUG_INFO = INCLUDE_SOURCE;
				MTL_FAST_MATH = YES;
				ONLY_ACTIVE_ARCH = YES;
				SDKROOT = iphoneos;
				SWIFT_ACTIVE_COMPILATION_CONDITIONS = DEBUG;
				SWIFT_OPTIMIZATION_LEVEL = "-Onone";
			};
			name = Debug;
		};
		6319550724D0D97A00660D92 /* Release */ = {
			isa = XCBuildConfiguration;
			buildSettings = {
				ALWAYS_SEARCH_USER_PATHS = NO;
				CLANG_ANALYZER_NONNULL = YES;
				CLANG_ANALYZER_NUMBER_OBJECT_CONVERSION = YES_AGGRESSIVE;
				CLANG_CXX_LANGUAGE_STANDARD = "gnu++14";
				CLANG_CXX_LIBRARY = "libc++";
				CLANG_ENABLE_MODULES = YES;
				CLANG_ENABLE_OBJC_ARC = YES;
				CLANG_ENABLE_OBJC_WEAK = YES;
				CLANG_WARN_BLOCK_CAPTURE_AUTORELEASING = YES;
				CLANG_WARN_BOOL_CONVERSION = YES;
				CLANG_WARN_COMMA = YES;
				CLANG_WARN_CONSTANT_CONVERSION = YES;
				CLANG_WARN_DEPRECATED_OBJC_IMPLEMENTATIONS = YES;
				CLANG_WARN_DIRECT_OBJC_ISA_USAGE = YES_ERROR;
				CLANG_WARN_DOCUMENTATION_COMMENTS = YES;
				CLANG_WARN_EMPTY_BODY = YES;
				CLANG_WARN_ENUM_CONVERSION = YES;
				CLANG_WARN_INFINITE_RECURSION = YES;
				CLANG_WARN_INT_CONVERSION = YES;
				CLANG_WARN_NON_LITERAL_NULL_CONVERSION = YES;
				CLANG_WARN_OBJC_IMPLICIT_RETAIN_SELF = YES;
				CLANG_WARN_OBJC_LITERAL_CONVERSION = YES;
				CLANG_WARN_OBJC_ROOT_CLASS = YES_ERROR;
				CLANG_WARN_RANGE_LOOP_ANALYSIS = YES;
				CLANG_WARN_STRICT_PROTOTYPES = YES;
				CLANG_WARN_SUSPICIOUS_MOVE = YES;
				CLANG_WARN_UNGUARDED_AVAILABILITY = YES_AGGRESSIVE;
				CLANG_WARN_UNREACHABLE_CODE = YES;
				CLANG_WARN__DUPLICATE_METHOD_MATCH = YES;
				COPY_PHASE_STRIP = NO;
				DEBUG_INFORMATION_FORMAT = "dwarf-with-dsym";
				ENABLE_NS_ASSERTIONS = NO;
				ENABLE_STRICT_OBJC_MSGSEND = YES;
				GCC_C_LANGUAGE_STANDARD = gnu11;
				GCC_NO_COMMON_BLOCKS = YES;
				GCC_WARN_64_TO_32_BIT_CONVERSION = YES;
				GCC_WARN_ABOUT_RETURN_TYPE = YES_ERROR;
				GCC_WARN_UNDECLARED_SELECTOR = YES;
				GCC_WARN_UNINITIALIZED_AUTOS = YES_AGGRESSIVE;
				GCC_WARN_UNUSED_FUNCTION = YES;
				GCC_WARN_UNUSED_VARIABLE = YES;
				IPHONEOS_DEPLOYMENT_TARGET = 13.4;
				MTL_ENABLE_DEBUG_INFO = NO;
				MTL_FAST_MATH = YES;
				SDKROOT = iphoneos;
				SWIFT_COMPILATION_MODE = wholemodule;
				SWIFT_OPTIMIZATION_LEVEL = "-O";
				VALIDATE_PRODUCT = YES;
			};
			name = Release;
		};
		6319550924D0D97A00660D92 /* Debug */ = {
			isa = XCBuildConfiguration;
			baseConfigurationReference = 415ABA234ACD845EFD4B5A9B /* Pods-iOSMonitor.debug.xcconfig */;
			buildSettings = {
				ASSETCATALOG_COMPILER_APPICON_NAME = AppIcon;
				CODE_SIGN_STYLE = Automatic;
				INFOPLIST_FILE = iOSMonitor/Info.plist;
				LD_RUNPATH_SEARCH_PATHS = (
					"$(inherited)",
					"@executable_path/Frameworks",
				);
				PRODUCT_BUNDLE_IDENTIFIER = Ste.iOSMonitor;
				PRODUCT_NAME = "$(TARGET_NAME)";
				SWIFT_VERSION = 5.0;
				TARGETED_DEVICE_FAMILY = "1,2";
			};
			name = Debug;
		};
		6319550A24D0D97A00660D92 /* Release */ = {
			isa = XCBuildConfiguration;
			baseConfigurationReference = 176A3E692D87B8A8D2E66C1D /* Pods-iOSMonitor.release.xcconfig */;
			buildSettings = {
				ASSETCATALOG_COMPILER_APPICON_NAME = AppIcon;
				CODE_SIGN_STYLE = Automatic;
				INFOPLIST_FILE = iOSMonitor/Info.plist;
				LD_RUNPATH_SEARCH_PATHS = (
					"$(inherited)",
					"@executable_path/Frameworks",
				);
				PRODUCT_BUNDLE_IDENTIFIER = Ste.iOSMonitor;
				PRODUCT_NAME = "$(TARGET_NAME)";
				SWIFT_VERSION = 5.0;
				TARGETED_DEVICE_FAMILY = "1,2";
			};
			name = Release;
		};
		6319550C24D0D97A00660D92 /* Debug */ = {
			isa = XCBuildConfiguration;
			baseConfigurationReference = 11836D43FB4AA11028B4D69B /* Pods-iOSMonitorTests.debug.xcconfig */;
			buildSettings = {
				ALWAYS_EMBED_SWIFT_STANDARD_LIBRARIES = YES;
				BUNDLE_LOADER = "$(TEST_HOST)";
				CODE_SIGN_STYLE = Automatic;
				INFOPLIST_FILE = iOSMonitorTests/Info.plist;
				IPHONEOS_DEPLOYMENT_TARGET = 13.4;
				LD_RUNPATH_SEARCH_PATHS = (
					"$(inherited)",
					"@executable_path/Frameworks",
					"@loader_path/Frameworks",
				);
				PRODUCT_BUNDLE_IDENTIFIER = Ste.iOSMonitorTests;
				PRODUCT_NAME = "$(TARGET_NAME)";
				SWIFT_VERSION = 5.0;
				TARGETED_DEVICE_FAMILY = "1,2";
				TEST_HOST = "$(BUILT_PRODUCTS_DIR)/iOSMonitor.app/iOSMonitor";
			};
			name = Debug;
		};
		6319550D24D0D97A00660D92 /* Release */ = {
			isa = XCBuildConfiguration;
			baseConfigurationReference = 2EA18BB5932D0BA8FE922A82 /* Pods-iOSMonitorTests.release.xcconfig */;
			buildSettings = {
				ALWAYS_EMBED_SWIFT_STANDARD_LIBRARIES = YES;
				BUNDLE_LOADER = "$(TEST_HOST)";
				CODE_SIGN_STYLE = Automatic;
				INFOPLIST_FILE = iOSMonitorTests/Info.plist;
				IPHONEOS_DEPLOYMENT_TARGET = 13.4;
				LD_RUNPATH_SEARCH_PATHS = (
					"$(inherited)",
					"@executable_path/Frameworks",
					"@loader_path/Frameworks",
				);
				PRODUCT_BUNDLE_IDENTIFIER = Ste.iOSMonitorTests;
				PRODUCT_NAME = "$(TARGET_NAME)";
				SWIFT_VERSION = 5.0;
				TARGETED_DEVICE_FAMILY = "1,2";
				TEST_HOST = "$(BUILT_PRODUCTS_DIR)/iOSMonitor.app/iOSMonitor";
			};
			name = Release;
		};
		6319550F24D0D97A00660D92 /* Debug */ = {
			isa = XCBuildConfiguration;
			baseConfigurationReference = C603BA3752CEEBD450434807 /* Pods-iOSMonitor-iOSMonitorUITests.debug.xcconfig */;
			buildSettings = {
				ALWAYS_EMBED_SWIFT_STANDARD_LIBRARIES = YES;
				CODE_SIGN_STYLE = Automatic;
				INFOPLIST_FILE = iOSMonitorUITests/Info.plist;
				LD_RUNPATH_SEARCH_PATHS = (
					"$(inherited)",
					"@executable_path/Frameworks",
					"@loader_path/Frameworks",
				);
				PRODUCT_BUNDLE_IDENTIFIER = Ste.iOSMonitorUITests;
				PRODUCT_NAME = "$(TARGET_NAME)";
				SWIFT_VERSION = 5.0;
				TARGETED_DEVICE_FAMILY = "1,2";
				TEST_TARGET_NAME = iOSMonitor;
			};
			name = Debug;
		};
		6319551024D0D97A00660D92 /* Release */ = {
			isa = XCBuildConfiguration;
			baseConfigurationReference = FFA5E879348A9F069A7B9359 /* Pods-iOSMonitor-iOSMonitorUITests.release.xcconfig */;
			buildSettings = {
				ALWAYS_EMBED_SWIFT_STANDARD_LIBRARIES = YES;
				CODE_SIGN_STYLE = Automatic;
				INFOPLIST_FILE = iOSMonitorUITests/Info.plist;
				LD_RUNPATH_SEARCH_PATHS = (
					"$(inherited)",
					"@executable_path/Frameworks",
					"@loader_path/Frameworks",
				);
				PRODUCT_BUNDLE_IDENTIFIER = Ste.iOSMonitorUITests;
				PRODUCT_NAME = "$(TARGET_NAME)";
				SWIFT_VERSION = 5.0;
				TARGETED_DEVICE_FAMILY = "1,2";
				TEST_TARGET_NAME = iOSMonitor;
			};
			name = Release;
		};
/* End XCBuildConfiguration section */

/* Begin XCConfigurationList section */
		631954D924D0D97900660D92 /* Build configuration list for PBXProject "iOSMonitor" */ = {
			isa = XCConfigurationList;
			buildConfigurations = (
				6319550624D0D97A00660D92 /* Debug */,
				6319550724D0D97A00660D92 /* Release */,
			);
			defaultConfigurationIsVisible = 0;
			defaultConfigurationName = Release;
		};
		6319550824D0D97A00660D92 /* Build configuration list for PBXNativeTarget "iOSMonitor" */ = {
			isa = XCConfigurationList;
			buildConfigurations = (
				6319550924D0D97A00660D92 /* Debug */,
				6319550A24D0D97A00660D92 /* Release */,
			);
			defaultConfigurationIsVisible = 0;
			defaultConfigurationName = Release;
		};
		6319550B24D0D97A00660D92 /* Build configuration list for PBXNativeTarget "iOSMonitorTests" */ = {
			isa = XCConfigurationList;
			buildConfigurations = (
				6319550C24D0D97A00660D92 /* Debug */,
				6319550D24D0D97A00660D92 /* Release */,
			);
			defaultConfigurationIsVisible = 0;
			defaultConfigurationName = Release;
		};
		6319550E24D0D97A00660D92 /* Build configuration list for PBXNativeTarget "iOSMonitorUITests" */ = {
			isa = XCConfigurationList;
			buildConfigurations = (
				6319550F24D0D97A00660D92 /* Debug */,
				6319551024D0D97A00660D92 /* Release */,
			);
			defaultConfigurationIsVisible = 0;
			defaultConfigurationName = Release;
		};
/* End XCConfigurationList section */
	};
	rootObject = 631954D624D0D97900660D92 /* Project object */;
}
